// !$*UTF8*$!
{
	archiveVersion = 1;
	classes = {
	};
	objectVersion = 50;
	objects = {

/* Begin PBXBuildFile section */
		7FA1F21723584879003F8C0F /* AppDelegate.swift in Sources */ = {isa = PBXBuildFile; fileRef = 7FA1F21623584879003F8C0F /* AppDelegate.swift */; };
		7FA1F21923584879003F8C0F /* SceneDelegate.swift in Sources */ = {isa = PBXBuildFile; fileRef = 7FA1F21823584879003F8C0F /* SceneDelegate.swift */; };
		7FA1F21B23584879003F8C0F /* ViewController.swift in Sources */ = {isa = PBXBuildFile; fileRef = 7FA1F21A23584879003F8C0F /* ViewController.swift */; };
		7FA1F21E23584879003F8C0F /* Main.storyboard in Resources */ = {isa = PBXBuildFile; fileRef = 7FA1F21C23584879003F8C0F /* Main.storyboard */; };
		7FA1F2202358487A003F8C0F /* Assets.xcassets in Resources */ = {isa = PBXBuildFile; fileRef = 7FA1F21F2358487A003F8C0F /* Assets.xcassets */; };
		7FA1F2232358487A003F8C0F /* LaunchScreen.storyboard in Resources */ = {isa = PBXBuildFile; fileRef = 7FA1F2212358487A003F8C0F /* LaunchScreen.storyboard */; };
		7FA1F22E23584F50003F8C0F /* GreenViewController.swift in Sources */ = {isa = PBXBuildFile; fileRef = 7FA1F22D23584F50003F8C0F /* GreenViewController.swift */; };
		7FA1F23023584F66003F8C0F /* PinkViewController.swift in Sources */ = {isa = PBXBuildFile; fileRef = 7FA1F22F23584F66003F8C0F /* PinkViewController.swift */; };
/* End PBXBuildFile section */

/* Begin PBXFileReference section */
		7FA1F21323584879003F8C0F /* semi2_첫 번째 실습.app */ = {isa = PBXFileReference; explicitFileType = wrapper.application; includeInIndex = 0; path = "semi2_첫 번째 실습.app"; sourceTree = BUILT_PRODUCTS_DIR; };
		7FA1F21623584879003F8C0F /* AppDelegate.swift */ = {isa = PBXFileReference; lastKnownFileType = sourcecode.swift; path = AppDelegate.swift; sourceTree = "<group>"; };
		7FA1F21823584879003F8C0F /* SceneDelegate.swift */ = {isa = PBXFileReference; lastKnownFileType = sourcecode.swift; path = SceneDelegate.swift; sourceTree = "<group>"; };
		7FA1F21A23584879003F8C0F /* ViewController.swift */ = {isa = PBXFileReference; lastKnownFileType = sourcecode.swift; path = ViewController.swift; sourceTree = "<group>"; };
		7FA1F21D23584879003F8C0F /* Base */ = {isa = PBXFileReference; lastKnownFileType = file.storyboard; name = Base; path = Base.lproj/Main.storyboard; sourceTree = "<group>"; };
		7FA1F21F2358487A003F8C0F /* Assets.xcassets */ = {isa = PBXFileReference; lastKnownFileType = folder.assetcatalog; path = Assets.xcassets; sourceTree = "<group>"; };
		7FA1F2222358487A003F8C0F /* Base */ = {isa = PBXFileReference; lastKnownFileType = file.storyboard; name = Base; path = Base.lproj/LaunchScreen.storyboard; sourceTree = "<group>"; };
		7FA1F2242358487A003F8C0F /* Info.plist */ = {isa = PBXFileReference; lastKnownFileType = text.plist.xml; path = Info.plist; sourceTree = "<group>"; };
		7FA1F22D23584F50003F8C0F /* GreenViewController.swift */ = {isa = PBXFileReference; lastKnownFileType = sourcecode.swift; path = GreenViewController.swift; sourceTree = "<group>"; };
		7FA1F22F23584F66003F8C0F /* PinkViewController.swift */ = {isa = PBXFileReference; lastKnownFileType = sourcecode.swift; path = PinkViewController.swift; sourceTree = "<group>"; };
/* End PBXFileReference section */

/* Begin PBXFrameworksBuildPhase section */
		7FA1F21023584879003F8C0F /* Frameworks */ = {
			isa = PBXFrameworksBuildPhase;
			buildActionMask = 2147483647;
			files = (
			);
			runOnlyForDeploymentPostprocessing = 0;
		};
/* End PBXFrameworksBuildPhase section */

/* Begin PBXGroup section */
		7FA1F20A23584879003F8C0F = {
			isa = PBXGroup;
			children = (
				7FA1F21523584879003F8C0F /* semi2_첫 번째 실습 */,
				7FA1F21423584879003F8C0F /* Products */,
			);
			sourceTree = "<group>";
		};
		7FA1F21423584879003F8C0F /* Products */ = {
			isa = PBXGroup;
			children = (
				7FA1F21323584879003F8C0F /* semi2_첫 번째 실습.app */,
			);
			name = Products;
			sourceTree = "<group>";
		};
		7FA1F21523584879003F8C0F /* semi2_첫 번째 실습 */ = {
			isa = PBXGroup;
			children = (
				7FA1F22C235849A5003F8C0F /* Sources */,
				7FA1F22B23584993003F8C0F /* Supporting files */,
				7FA1F22A23584987003F8C0F /* Resources */,
				7FA1F2242358487A003F8C0F /* Info.plist */,
			);
			path = "semi2_첫 번째 실습";
			sourceTree = "<group>";
		};
		7FA1F22A23584987003F8C0F /* Resources */ = {
			isa = PBXGroup;
			children = (
				7FA1F21C23584879003F8C0F /* Main.storyboard */,
				7FA1F21F2358487A003F8C0F /* Assets.xcassets */,
				7FA1F2212358487A003F8C0F /* LaunchScreen.storyboard */,
			);
			path = Resources;
			sourceTree = "<group>";
		};
		7FA1F22B23584993003F8C0F /* Supporting files */ = {
			isa = PBXGroup;
			children = (
				7FA1F21623584879003F8C0F /* AppDelegate.swift */,
			);
			path = "Supporting files";
			sourceTree = "<group>";
		};
		7FA1F22C235849A5003F8C0F /* Sources */ = {
			isa = PBXGroup;
			children = (
				7FA1F21823584879003F8C0F /* SceneDelegate.swift */,
				7FA1F21A23584879003F8C0F /* ViewController.swift */,
				7FA1F22D23584F50003F8C0F /* GreenViewController.swift */,
				7FA1F22F23584F66003F8C0F /* PinkViewController.swift */,
			);
			path = Sources;
			sourceTree = "<group>";
		};
/* End PBXGroup section */

/* Begin PBXNativeTarget section */
		7FA1F21223584879003F8C0F /* semi2_첫 번째 실습 */ = {
			isa = PBXNativeTarget;
			buildConfigurationList = 7FA1F2272358487A003F8C0F /* Build configuration list for PBXNativeTarget "semi2_첫 번째 실습" */;
			buildPhases = (
				7FA1F20F23584879003F8C0F /* Sources */,
				7FA1F21023584879003F8C0F /* Frameworks */,
				7FA1F21123584879003F8C0F /* Resources */,
			);
			buildRules = (
			);
			dependencies = (
			);
			name = "semi2_첫 번째 실습";
			productName = "semi2_첫 번째 실습";
			productReference = 7FA1F21323584879003F8C0F /* semi2_첫 번째 실습.app */;
			productType = "com.apple.product-type.application";
		};
/* End PBXNativeTarget section */

/* Begin PBXProject section */
		7FA1F20B23584879003F8C0F /* Project object */ = {
			isa = PBXProject;
			attributes = {
				LastSwiftUpdateCheck = 1100;
				LastUpgradeCheck = 1100;
				ORGANIZATIONNAME = "박주연";
				TargetAttributes = {
					7FA1F21223584879003F8C0F = {
						CreatedOnToolsVersion = 11.0;
					};
				};
			};
			buildConfigurationList = 7FA1F20E23584879003F8C0F /* Build configuration list for PBXProject "semi2_첫 번째 실습" */;
			compatibilityVersion = "Xcode 9.3";
			developmentRegion = en;
			hasScannedForEncodings = 0;
			knownRegions = (
				en,
				Base,
			);
			mainGroup = 7FA1F20A23584879003F8C0F;
			productRefGroup = 7FA1F21423584879003F8C0F /* Products */;
			projectDirPath = "";
			projectRoot = "";
			targets = (
				7FA1F21223584879003F8C0F /* semi2_첫 번째 실습 */,
			);
		};
/* End PBXProject section */

/* Begin PBXResourcesBuildPhase section */
		7FA1F21123584879003F8C0F /* Resources */ = {
			isa = PBXResourcesBuildPhase;
			buildActionMask = 2147483647;
			files = (
				7FA1F2232358487A003F8C0F /* LaunchScreen.storyboard in Resources */,
				7FA1F2202358487A003F8C0F /* Assets.xcassets in Resources */,
				7FA1F21E23584879003F8C0F /* Main.storyboard in Resources */,
			);
			runOnlyForDeploymentPostprocessing = 0;
		};
/* End PBXResourcesBuildPhase section */

/* Begin PBXSourcesBuildPhase section */
		7FA1F20F23584879003F8C0F /* Sources */ = {
			isa = PBXSourcesBuildPhase;
			buildActionMask = 2147483647;
			files = (
				7FA1F22E23584F50003F8C0F /* GreenViewController.swift in Sources */,
				7FA1F21B23584879003F8C0F /* ViewController.swift in Sources */,
				7FA1F21723584879003F8C0F /* AppDelegate.swift in Sources */,
				7FA1F21923584879003F8C0F /* SceneDelegate.swift in Sources */,
				7FA1F23023584F66003F8C0F /* PinkViewController.swift in Sources */,
			);
			runOnlyForDeploymentPostprocessing = 0;
		};
/* End PBXSourcesBuildPhase section */

/* Begin PBXVariantGroup section */
		7FA1F21C23584879003F8C0F /* Main.storyboard */ = {
			isa = PBXVariantGroup;
			children = (
				7FA1F21D23584879003F8C0F /* Base */,
			);
			name = Main.storyboard;
			sourceTree = "<group>";
		};
		7FA1F2212358487A003F8C0F /* LaunchScreen.storyboard */ = {
			isa = PBXVariantGroup;
			children = (
				7FA1F2222358487A003F8C0F /* Base */,
			);
			name = LaunchScreen.storyboard;
			sourceTree = "<group>";
		};
/* End PBXVariantGroup section */

/* Begin XCBuildConfiguration section */
		7FA1F2252358487A003F8C0F /* Debug */ = {
			isa = XCBuildConfiguration;
			buildSettings = {
				ALWAYS_SEARCH_USER_PATHS = NO;
				CLANG_ANALYZER_NONNULL = YES;
				CLANG_ANALYZER_NUMBER_OBJECT_CONVERSION = YES_AGGRESSIVE;
				CLANG_CXX_LANGUAGE_STANDARD = "gnu++14";
				CLANG_CXX_LIBRARY = "libc++";
				CLANG_ENABLE_MODULES = YES;
				CLANG_ENABLE_OBJC_ARC = YES;
				CLANG_ENABLE_OBJC_WEAK = YES;
				CLANG_WARN_BLOCK_CAPTURE_AUTORELEASING = YES;
				CLANG_WARN_BOOL_CONVERSION = YES;
				CLANG_WARN_COMMA = YES;
				CLANG_WARN_CONSTANT_CONVERSION = YES;
				CLANG_WARN_DEPRECATED_OBJC_IMPLEMENTATIONS = YES;
				CLANG_WARN_DIRECT_OBJC_ISA_USAGE = YES_ERROR;
				CLANG_WARN_DOCUMENTATION_COMMENTS = YES;
				CLANG_WARN_EMPTY_BODY = YES;
				CLANG_WARN_ENUM_CONVERSION = YES;
				CLANG_WARN_INFINITE_RECURSION = YES;
				CLANG_WARN_INT_CONVERSION = YES;
				CLANG_WARN_NON_LITERAL_NULL_CONVERSION = YES;
				CLANG_WARN_OBJC_IMPLICIT_RETAIN_SELF = YES;
				CLANG_WARN_OBJC_LITERAL_CONVERSION = YES;
				CLANG_WARN_OBJC_ROOT_CLASS = YES_ERROR;
				CLANG_WARN_RANGE_LOOP_ANALYSIS = YES;
				CLANG_WARN_STRICT_PROTOTYPES = YES;
				CLANG_WARN_SUSPICIOUS_MOVE = YES;
				CLANG_WARN_UNGUARDED_AVAILABILITY = YES_AGGRESSIVE;
				CLANG_WARN_UNREACHABLE_CODE = YES;
				CLANG_WARN__DUPLICATE_METHOD_MATCH = YES;
				COPY_PHASE_STRIP = NO;
				DEBUG_INFORMATION_FORMAT = dwarf;
				ENABLE_STRICT_OBJC_MSGSEND = YES;
				ENABLE_TESTABILITY = YES;
				GCC_C_LANGUAGE_STANDARD = gnu11;
				GCC_DYNAMIC_NO_PIC = NO;
				GCC_NO_COMMON_BLOCKS = YES;
				GCC_OPTIMIZATION_LEVEL = 0;
				GCC_PREPROCESSOR_DEFINITIONS = (
					"DEBUG=1",
					"$(inherited)",
				);
				GCC_WARN_64_TO_32_BIT_CONVERSION = YES;
				GCC_WARN_ABOUT_RETURN_TYPE = YES_ERROR;
				GCC_WARN_UNDECLARED_SELECTOR = YES;
				GCC_WARN_UNINITIALIZED_AUTOS = YES_AGGRESSIVE;
				GCC_WARN_UNUSED_FUNCTION = YES;
				GCC_WARN_UNUSED_VARIABLE = YES;
				IPHONEOS_DEPLOYMENT_TARGET = 13.0;
				MTL_ENABLE_DEBUG_INFO = INCLUDE_SOURCE;
				MTL_FAST_MATH = YES;
				ONLY_ACTIVE_ARCH = YES;
				SDKROOT = iphoneos;
				SWIFT_ACTIVE_COMPILATION_CONDITIONS = DEBUG;
				SWIFT_OPTIMIZATION_LEVEL = "-Onone";
			};
			name = Debug;
		};
		7FA1F2262358487A003F8C0F /* Release */ = {
			isa = XCBuildConfiguration;
			buildSettings = {
				ALWAYS_SEARCH_USER_PATHS = NO;
				CLANG_ANALYZER_NONNULL = YES;
				CLANG_ANALYZER_NUMBER_OBJECT_CONVERSION = YES_AGGRESSIVE;
				CLANG_CXX_LANGUAGE_STANDARD = "gnu++14";
				CLANG_CXX_LIBRARY = "libc++";
				CLANG_ENABLE_MODULES = YES;
				CLANG_ENABLE_OBJC_ARC = YES;
				CLANG_ENABLE_OBJC_WEAK = YES;
				CLANG_WARN_BLOCK_CAPTURE_AUTORELEASING = YES;
				CLANG_WARN_BOOL_CONVERSION = YES;
				CLANG_WARN_COMMA = YES;
				CLANG_WARN_CONSTANT_CONVERSION = YES;
				CLANG_WARN_DEPRECATED_OBJC_IMPLEMENTATIONS = YES;
				CLANG_WARN_DIRECT_OBJC_ISA_USAGE = YES_ERROR;
				CLANG_WARN_DOCUMENTATION_COMMENTS = YES;
				CLANG_WARN_EMPTY_BODY = YES;
				CLANG_WARN_ENUM_CONVERSION = YES;
				CLANG_WARN_INFINITE_RECURSION = YES;
				CLANG_WARN_INT_CONVERSION = YES;
				CLANG_WARN_NON_LITERAL_NULL_CONVERSION = YES;
				CLANG_WARN_OBJC_IMPLICIT_RETAIN_SELF = YES;
				CLANG_WARN_OBJC_LITERAL_CONVERSION = YES;
				CLANG_WARN_OBJC_ROOT_CLASS = YES_ERROR;
				CLANG_WARN_RANGE_LOOP_ANALYSIS = YES;
				CLANG_WARN_STRICT_PROTOTYPES = YES;
				CLANG_WARN_SUSPICIOUS_MOVE = YES;
				CLANG_WARN_UNGUARDED_AVAILABILITY = YES_AGGRESSIVE;
				CLANG_WARN_UNREACHABLE_CODE = YES;
				CLANG_WARN__DUPLICATE_METHOD_MATCH = YES;
				COPY_PHASE_STRIP = NO;
				DEBUG_INFORMATION_FORMAT = "dwarf-with-dsym";
				ENABLE_NS_ASSERTIONS = NO;
				ENABLE_STRICT_OBJC_MSGSEND = YES;
				GCC_C_LANGUAGE_STANDARD = gnu11;
				GCC_NO_COMMON_BLOCKS = YES;
				GCC_WARN_64_TO_32_BIT_CONVERSION = YES;
				GCC_WARN_ABOUT_RETURN_TYPE = YES_ERROR;
				GCC_WARN_UNDECLARED_SELECTOR = YES;
				GCC_WARN_UNINITIALIZED_AUTOS = YES_AGGRESSIVE;
				GCC_WARN_UNUSED_FUNCTION = YES;
				GCC_WARN_UNUSED_VARIABLE = YES;
				IPHONEOS_DEPLOYMENT_TARGET = 13.0;
				MTL_ENABLE_DEBUG_INFO = NO;
				MTL_FAST_MATH = YES;
				SDKROOT = iphoneos;
				SWIFT_COMPILATION_MODE = wholemodule;
				SWIFT_OPTIMIZATION_LEVEL = "-O";
				VALIDATE_PRODUCT = YES;
			};
			name = Release;
		};
		7FA1F2282358487A003F8C0F /* Debug */ = {
			isa = XCBuildConfiguration;
			buildSettings = {
				ASSETCATALOG_COMPILER_APPICON_NAME = AppIcon;
				CODE_SIGN_STYLE = Automatic;
				INFOPLIST_FILE = "semi2_첫 번째 실습/Info.plist";
				LD_RUNPATH_SEARCH_PATHS = (
					"$(inherited)",
					"@executable_path/Frameworks",
				);
				PRODUCT_BUNDLE_IDENTIFIER = "com.-semi2.semi2-----------------";
				PRODUCT_NAME = "$(TARGET_NAME)";
				SWIFT_VERSION = 5.0;
				TARGETED_DEVICE_FAMILY = "1,2";
			};
			name = Debug;
		};
		7FA1F2292358487A003F8C0F /* Release */ = {
			isa = XCBuildConfiguration;
			buildSettings = {
				ASSETCATALOG_COMPILER_APPICON_NAME = AppIcon;
				CODE_SIGN_STYLE = Automatic;
				INFOPLIST_FILE = "semi2_첫 번째 실습/Info.plist";
				LD_RUNPATH_SEARCH_PATHS = (
					"$(inherited)",
					"@executable_path/Frameworks",
				);
				PRODUCT_BUNDLE_IDENTIFIER = "com.-semi2.semi2-----------------";
				PRODUCT_NAME = "$(TARGET_NAME)";
				SWIFT_VERSION = 5.0;
				TARGETED_DEVICE_FAMILY = "1,2";
			};
			name = Release;
		};
/* End XCBuildConfiguration section */

/* Begin XCConfigurationList section */
		7FA1F20E23584879003F8C0F /* Build configuration list for PBXProject "semi2_첫 번째 실습" */ = {
			isa = XCConfigurationList;
			buildConfigurations = (
				7FA1F2252358487A003F8C0F /* Debug */,
				7FA1F2262358487A003F8C0F /* Release */,
			);
			defaultConfigurationIsVisible = 0;
			defaultConfigurationName = Release;
		};
		7FA1F2272358487A003F8C0F /* Build configuration list for PBXNativeTarget "semi2_첫 번째 실습" */ = {
			isa = XCConfigurationList;
			buildConfigurations = (
				7FA1F2282358487A003F8C0F /* Debug */,
				7FA1F2292358487A003F8C0F /* Release */,
			);
			defaultConfigurationIsVisible = 0;
			defaultConfigurationName = Release;
		};
/* End XCConfigurationList section */
	};
	rootObject = 7FA1F20B23584879003F8C0F /* Project object */;
}
