PODS:
  - AutoInsetter (1.8.0)
  - Pageboy (3.5.0)
  - Tabman (2.6.3):
    - AutoInsetter (~> 1.8.0)
    - Pageboy (~> 3.5.0)

DEPENDENCIES:
  - Tabman (~> 2.6)

SPEC REPOS:
  trunk:
    - AutoInsetter
    - Pageboy
    - Tabman

SPEC CHECKSUMS:
  AutoInsetter: 0b90ca74e36561c340129045a3722c51a0b15c58
  Pageboy: 3794c578aae5fcce06e90b3ed4a0ad6b807d75bb
  Tabman: 63eae331ae7a9388ae389b1808f1939269fcdece

PODFILE CHECKSUM: 6901cfa6cc0214ad0b23ce033eae945de59ec316

COCOAPODS: 1.8.4
