// !$*UTF8*$!
{
	archiveVersion = 1;
	classes = {
	};
	objectVersion = 51;
	objects = {

/* Begin PBXBuildFile section */
		7F26A29B2385795E00596729 /* CustomCollectionViewCell.swift in Sources */ = {isa = PBXBuildFile; fileRef = 7F26A29A2385795E00596729 /* CustomCollectionViewCell.swift */; };
		7F26A29E2385AA7700596729 /* PostViewController.swift in Sources */ = {isa = PBXBuildFile; fileRef = 7F26A29D2385AA7700596729 /* PostViewController.swift */; };
		7FDC187B2383FCE300DFC317 /* UIFont+Extension.swift in Sources */ = {isa = PBXBuildFile; fileRef = 7FDC187A2383FCE300DFC317 /* UIFont+Extension.swift */; };
		7FE01B5523838DB10073302A /* AppDelegate.swift in Sources */ = {isa = PBXBuildFile; fileRef = 7FE01B5423838DB10073302A /* AppDelegate.swift */; };
		7FE01B5723838DB10073302A /* SceneDelegate.swift in Sources */ = {isa = PBXBuildFile; fileRef = 7FE01B5623838DB10073302A /* SceneDelegate.swift */; };
		7FE01B5923838DB10073302A /* ViewController.swift in Sources */ = {isa = PBXBuildFile; fileRef = 7FE01B5823838DB10073302A /* ViewController.swift */; };
		7FE01B5C23838DB10073302A /* Main.storyboard in Resources */ = {isa = PBXBuildFile; fileRef = 7FE01B5A23838DB10073302A /* Main.storyboard */; };
		7FE01B5E23838DB30073302A /* Assets.xcassets in Resources */ = {isa = PBXBuildFile; fileRef = 7FE01B5D23838DB30073302A /* Assets.xcassets */; };
		7FE01B6123838DB30073302A /* LaunchScreen.storyboard in Resources */ = {isa = PBXBuildFile; fileRef = 7FE01B5F23838DB30073302A /* LaunchScreen.storyboard */; };
		953BFA4A392E0AC7116D0DE6 /* Pods_semi5.framework in Frameworks */ = {isa = PBXBuildFile; fileRef = 8EA2671B5726AA0B22D7EA33 /* Pods_semi5.framework */; };
/* End PBXBuildFile section */

/* Begin PBXFileReference section */
		315ACB07C98F7ADC9ADC879F /* Pods-semi5.debug.xcconfig */ = {isa = PBXFileReference; includeInIndex = 1; lastKnownFileType = text.xcconfig; name = "Pods-semi5.debug.xcconfig"; path = "Target Support Files/Pods-semi5/Pods-semi5.debug.xcconfig"; sourceTree = "<group>"; };
		40FE2C769599A4F1D9826F08 /* Pods-semi5.release.xcconfig */ = {isa = PBXFileReference; includeInIndex = 1; lastKnownFileType = text.xcconfig; name = "Pods-semi5.release.xcconfig"; path = "Target Support Files/Pods-semi5/Pods-semi5.release.xcconfig"; sourceTree = "<group>"; };
		7F26A29A2385795E00596729 /* CustomCollectionViewCell.swift */ = {isa = PBXFileReference; lastKnownFileType = sourcecode.swift; path = CustomCollectionViewCell.swift; sourceTree = "<group>"; };
		7F26A29D2385AA7700596729 /* PostViewController.swift */ = {isa = PBXFileReference; lastKnownFileType = sourcecode.swift; path = PostViewController.swift; sourceTree = "<group>"; };
		7FDC187A2383FCE300DFC317 /* UIFont+Extension.swift */ = {isa = PBXFileReference; lastKnownFileType = sourcecode.swift; name = "UIFont+Extension.swift"; path = "semi5/Sources/Extensions/UIFont+Extension.swift"; sourceTree = SOURCE_ROOT; };
		7FE01B5123838DB10073302A /* semi5.app */ = {isa = PBXFileReference; explicitFileType = wrapper.application; includeInIndex = 0; path = semi5.app; sourceTree = BUILT_PRODUCTS_DIR; };
		7FE01B5423838DB10073302A /* AppDelegate.swift */ = {isa = PBXFileReference; lastKnownFileType = sourcecode.swift; path = AppDelegate.swift; sourceTree = "<group>"; };
		7FE01B5623838DB10073302A /* SceneDelegate.swift */ = {isa = PBXFileReference; lastKnownFileType = sourcecode.swift; path = SceneDelegate.swift; sourceTree = "<group>"; };
		7FE01B5823838DB10073302A /* ViewController.swift */ = {isa = PBXFileReference; lastKnownFileType = sourcecode.swift; path = ViewController.swift; sourceTree = "<group>"; };
		7FE01B5B23838DB10073302A /* Base */ = {isa = PBXFileReference; lastKnownFileType = file.storyboard; name = Base; path = Base.lproj/Main.storyboard; sourceTree = "<group>"; };
		7FE01B5D23838DB30073302A /* Assets.xcassets */ = {isa = PBXFileReference; lastKnownFileType = folder.assetcatalog; path = Assets.xcassets; sourceTree = "<group>"; };
		7FE01B6023838DB30073302A /* Base */ = {isa = PBXFileReference; lastKnownFileType = file.storyboard; name = Base; path = Base.lproj/LaunchScreen.storyboard; sourceTree = "<group>"; };
		7FE01B6223838DB30073302A /* Info.plist */ = {isa = PBXFileReference; lastKnownFileType = text.plist.xml; path = Info.plist; sourceTree = "<group>"; };
		8EA2671B5726AA0B22D7EA33 /* Pods_semi5.framework */ = {isa = PBXFileReference; explicitFileType = wrapper.framework; includeInIndex = 0; path = Pods_semi5.framework; sourceTree = BUILT_PRODUCTS_DIR; };
/* End PBXFileReference section */

/* Begin PBXFrameworksBuildPhase section */
		7FE01B4E23838DB10073302A /* Frameworks */ = {
			isa = PBXFrameworksBuildPhase;
			buildActionMask = 2147483647;
			files = (
				953BFA4A392E0AC7116D0DE6 /* Pods_semi5.framework in Frameworks */,
			);
			runOnlyForDeploymentPostprocessing = 0;
		};
/* End PBXFrameworksBuildPhase section */

/* Begin PBXGroup section */
		4A077CF7F925943AF061205D /* Frameworks */ = {
			isa = PBXGroup;
			children = (
				8EA2671B5726AA0B22D7EA33 /* Pods_semi5.framework */,
			);
			name = Frameworks;
			sourceTree = "<group>";
		};
		65CF69B2F899138794944247 /* Pods */ = {
			isa = PBXGroup;
			children = (
				315ACB07C98F7ADC9ADC879F /* Pods-semi5.debug.xcconfig */,
				40FE2C769599A4F1D9826F08 /* Pods-semi5.release.xcconfig */,
			);
			path = Pods;
			sourceTree = "<group>";
		};
		7F26A2992385794300596729 /* CollectionView */ = {
			isa = PBXGroup;
			children = (
				7F26A29A2385795E00596729 /* CustomCollectionViewCell.swift */,
			);
			path = CollectionView;
			sourceTree = "<group>";
		};
		7F26A29C2385AA5C00596729 /* ViewController */ = {
			isa = PBXGroup;
			children = (
				7FE01B5823838DB10073302A /* ViewController.swift */,
				7F26A29D2385AA7700596729 /* PostViewController.swift */,
			);
			path = ViewController;
			sourceTree = "<group>";
		};
		7FDC187C2383FCF100DFC317 /* Extensions */ = {
			isa = PBXGroup;
			children = (
				7FDC187A2383FCE300DFC317 /* UIFont+Extension.swift */,
			);
			path = Extensions;
			sourceTree = "<group>";
		};
		7FE01B4823838DB10073302A = {
			isa = PBXGroup;
			children = (
				7FE01B5323838DB10073302A /* semi5 */,
				7FE01B5223838DB10073302A /* Products */,
				65CF69B2F899138794944247 /* Pods */,
				4A077CF7F925943AF061205D /* Frameworks */,
			);
			sourceTree = "<group>";
		};
		7FE01B5223838DB10073302A /* Products */ = {
			isa = PBXGroup;
			children = (
				7FE01B5123838DB10073302A /* semi5.app */,
			);
			name = Products;
			sourceTree = "<group>";
		};
		7FE01B5323838DB10073302A /* semi5 */ = {
			isa = PBXGroup;
			children = (
				7FE01B6923838F110073302A /* Supporting files */,
				7FE01B6B23838F2D0073302A /* Sources */,
				7FE01B6A23838F200073302A /* Resources */,
				7FE01B6223838DB30073302A /* Info.plist */,
			);
			path = semi5;
			sourceTree = "<group>";
		};
		7FE01B6923838F110073302A /* Supporting files */ = {
			isa = PBXGroup;
			children = (
				7FE01B5423838DB10073302A /* AppDelegate.swift */,
			);
			path = "Supporting files";
			sourceTree = "<group>";
		};
		7FE01B6A23838F200073302A /* Resources */ = {
			isa = PBXGroup;
			children = (
				7FE01B5A23838DB10073302A /* Main.storyboard */,
				7FE01B5D23838DB30073302A /* Assets.xcassets */,
				7FE01B5F23838DB30073302A /* LaunchScreen.storyboard */,
			);
			path = Resources;
			sourceTree = "<group>";
		};
		7FE01B6B23838F2D0073302A /* Sources */ = {
			isa = PBXGroup;
			children = (
				7F26A29C2385AA5C00596729 /* ViewController */,
				7F26A2992385794300596729 /* CollectionView */,
				7FDC187C2383FCF100DFC317 /* Extensions */,
				7FE01B5623838DB10073302A /* SceneDelegate.swift */,
			);
			path = Sources;
			sourceTree = "<group>";
		};
/* End PBXGroup section */

/* Begin PBXNativeTarget section */
		7FE01B5023838DB10073302A /* semi5 */ = {
			isa = PBXNativeTarget;
			buildConfigurationList = 7FE01B6523838DB30073302A /* Build configuration list for PBXNativeTarget "semi5" */;
			buildPhases = (
				ECE506F55F0FA4C01D879F1D /* [CP] Check Pods Manifest.lock */,
				7FE01B4D23838DB10073302A /* Sources */,
				7FE01B4E23838DB10073302A /* Frameworks */,
				7FE01B4F23838DB10073302A /* Resources */,
				1609DB28A3D2D4C21BE37B36 /* [CP] Embed Pods Frameworks */,
			);
			buildRules = (
			);
			dependencies = (
			);
			name = semi5;
			productName = semi5;
			productReference = 7FE01B5123838DB10073302A /* semi5.app */;
			productType = "com.apple.product-type.application";
		};
/* End PBXNativeTarget section */

/* Begin PBXProject section */
		7FE01B4923838DB10073302A /* Project object */ = {
			isa = PBXProject;
			attributes = {
				LastSwiftUpdateCheck = 1100;
				LastUpgradeCheck = 1100;
				ORGANIZATIONNAME = "박주연";
				TargetAttributes = {
					7FE01B5023838DB10073302A = {
						CreatedOnToolsVersion = 11.0;
					};
				};
			};
			buildConfigurationList = 7FE01B4C23838DB10073302A /* Build configuration list for PBXProject "semi5" */;
			compatibilityVersion = "Xcode 9.3";
			developmentRegion = en;
			hasScannedForEncodings = 0;
			knownRegions = (
				en,
				Base,
			);
			mainGroup = 7FE01B4823838DB10073302A;
			productRefGroup = 7FE01B5223838DB10073302A /* Products */;
			projectDirPath = "";
			projectRoot = "";
			targets = (
				7FE01B5023838DB10073302A /* semi5 */,
			);
		};
/* End PBXProject section */

/* Begin PBXResourcesBuildPhase section */
		7FE01B4F23838DB10073302A /* Resources */ = {
			isa = PBXResourcesBuildPhase;
			buildActionMask = 2147483647;
			files = (
				7FE01B6123838DB30073302A /* LaunchScreen.storyboard in Resources */,
				7FE01B5E23838DB30073302A /* Assets.xcassets in Resources */,
				7FE01B5C23838DB10073302A /* Main.storyboard in Resources */,
			);
			runOnlyForDeploymentPostprocessing = 0;
		};
/* End PBXResourcesBuildPhase section */

/* Begin PBXShellScriptBuildPhase section */
		1609DB28A3D2D4C21BE37B36 /* [CP] Embed Pods Frameworks */ = {
			isa = PBXShellScriptBuildPhase;
			buildActionMask = 2147483647;
			files = (
			);
			inputFileListPaths = (
				"${PODS_ROOT}/Target Support Files/Pods-semi5/Pods-semi5-frameworks-${CONFIGURATION}-input-files.xcfilelist",
			);
			name = "[CP] Embed Pods Frameworks";
			outputFileListPaths = (
				"${PODS_ROOT}/Target Support Files/Pods-semi5/Pods-semi5-frameworks-${CONFIGURATION}-output-files.xcfilelist",
			);
			runOnlyForDeploymentPostprocessing = 0;
			shellPath = /bin/sh;
			shellScript = "\"${PODS_ROOT}/Target Support Files/Pods-semi5/Pods-semi5-frameworks.sh\"\n";
			showEnvVarsInLog = 0;
		};
		ECE506F55F0FA4C01D879F1D /* [CP] Check Pods Manifest.lock */ = {
			isa = PBXShellScriptBuildPhase;
			buildActionMask = 2147483647;
			files = (
			);
			inputFileListPaths = (
			);
			inputPaths = (
				"${PODS_PODFILE_DIR_PATH}/Podfile.lock",
				"${PODS_ROOT}/Manifest.lock",
			);
			name = "[CP] Check Pods Manifest.lock";
			outputFileListPaths = (
			);
			outputPaths = (
				"$(DERIVED_FILE_DIR)/Pods-semi5-checkManifestLockResult.txt",
			);
			runOnlyForDeploymentPostprocessing = 0;
			shellPath = /bin/sh;
			shellScript = "diff \"${PODS_PODFILE_DIR_PATH}/Podfile.lock\" \"${PODS_ROOT}/Manifest.lock\" > /dev/null\nif [ $? != 0 ] ; then\n    # print error to STDERR\n    echo \"error: The sandbox is not in sync with the Podfile.lock. Run 'pod install' or update your CocoaPods installation.\" >&2\n    exit 1\nfi\n# This output is used by Xcode 'outputs' to avoid re-running this script phase.\necho \"SUCCESS\" > \"${SCRIPT_OUTPUT_FILE_0}\"\n";
			showEnvVarsInLog = 0;
		};
/* End PBXShellScriptBuildPhase section */

/* Begin PBXSourcesBuildPhase section */
		7FE01B4D23838DB10073302A /* Sources */ = {
			isa = PBXSourcesBuildPhase;
			buildActionMask = 2147483647;
			files = (
				7F26A29E2385AA7700596729 /* PostViewController.swift in Sources */,
				7FE01B5923838DB10073302A /* ViewController.swift in Sources */,
				7F26A29B2385795E00596729 /* CustomCollectionViewCell.swift in Sources */,
				7FE01B5523838DB10073302A /* AppDelegate.swift in Sources */,
				7FDC187B2383FCE300DFC317 /* UIFont+Extension.swift in Sources */,
				7FE01B5723838DB10073302A /* SceneDelegate.swift in Sources */,
			);
			runOnlyForDeploymentPostprocessing = 0;
		};
/* End PBXSourcesBuildPhase section */

/* Begin PBXVariantGroup section */
		7FE01B5A23838DB10073302A /* Main.storyboard */ = {
			isa = PBXVariantGroup;
			children = (
				7FE01B5B23838DB10073302A /* Base */,
			);
			name = Main.storyboard;
			sourceTree = "<group>";
		};
		7FE01B5F23838DB30073302A /* LaunchScreen.storyboard */ = {
			isa = PBXVariantGroup;
			children = (
				7FE01B6023838DB30073302A /* Base */,
			);
			name = LaunchScreen.storyboard;
			sourceTree = "<group>";
		};
/* End PBXVariantGroup section */

/* Begin XCBuildConfiguration section */
		7FE01B6323838DB30073302A /* Debug */ = {
			isa = XCBuildConfiguration;
			buildSettings = {
				ALWAYS_SEARCH_USER_PATHS = NO;
				CLANG_ANALYZER_NONNULL = YES;
				CLANG_ANALYZER_NUMBER_OBJECT_CONVERSION = YES_AGGRESSIVE;
				CLANG_CXX_LANGUAGE_STANDARD = "gnu++14";
				CLANG_CXX_LIBRARY = "libc++";
				CLANG_ENABLE_MODULES = YES;
				CLANG_ENABLE_OBJC_ARC = YES;
				CLANG_ENABLE_OBJC_WEAK = YES;
				CLANG_WARN_BLOCK_CAPTURE_AUTORELEASING = YES;
				CLANG_WARN_BOOL_CONVERSION = YES;
				CLANG_WARN_COMMA = YES;
				CLANG_WARN_CONSTANT_CONVERSION = YES;
				CLANG_WARN_DEPRECATED_OBJC_IMPLEMENTATIONS = YES;
				CLANG_WARN_DIRECT_OBJC_ISA_USAGE = YES_ERROR;
				CLANG_WARN_DOCUMENTATION_COMMENTS = YES;
				CLANG_WARN_EMPTY_BODY = YES;
				CLANG_WARN_ENUM_CONVERSION = YES;
				CLANG_WARN_INFINITE_RECURSION = YES;
				CLANG_WARN_INT_CONVERSION = YES;
				CLANG_WARN_NON_LITERAL_NULL_CONVERSION = YES;
				CLANG_WARN_OBJC_IMPLICIT_RETAIN_SELF = YES;
				CLANG_WARN_OBJC_LITERAL_CONVERSION = YES;
				CLANG_WARN_OBJC_ROOT_CLASS = YES_ERROR;
				CLANG_WARN_RANGE_LOOP_ANALYSIS = YES;
				CLANG_WARN_STRICT_PROTOTYPES = YES;
				CLANG_WARN_SUSPICIOUS_MOVE = YES;
				CLANG_WARN_UNGUARDED_AVAILABILITY = YES_AGGRESSIVE;
				CLANG_WARN_UNREACHABLE_CODE = YES;
				CLANG_WARN__DUPLICATE_METHOD_MATCH = YES;
				COPY_PHASE_STRIP = NO;
				DEBUG_INFORMATION_FORMAT = dwarf;
				ENABLE_STRICT_OBJC_MSGSEND = YES;
				ENABLE_TESTABILITY = YES;
				GCC_C_LANGUAGE_STANDARD = gnu11;
				GCC_DYNAMIC_NO_PIC = NO;
				GCC_NO_COMMON_BLOCKS = YES;
				GCC_OPTIMIZATION_LEVEL = 0;
				GCC_PREPROCESSOR_DEFINITIONS = (
					"DEBUG=1",
					"$(inherited)",
				);
				GCC_WARN_64_TO_32_BIT_CONVERSION = YES;
				GCC_WARN_ABOUT_RETURN_TYPE = YES_ERROR;
				GCC_WARN_UNDECLARED_SELECTOR = YES;
				GCC_WARN_UNINITIALIZED_AUTOS = YES_AGGRESSIVE;
				GCC_WARN_UNUSED_FUNCTION = YES;
				GCC_WARN_UNUSED_VARIABLE = YES;
				IPHONEOS_DEPLOYMENT_TARGET = 13.0;
				MTL_ENABLE_DEBUG_INFO = INCLUDE_SOURCE;
				MTL_FAST_MATH = YES;
				ONLY_ACTIVE_ARCH = YES;
				SDKROOT = iphoneos;
				SWIFT_ACTIVE_COMPILATION_CONDITIONS = DEBUG;
				SWIFT_OPTIMIZATION_LEVEL = "-Onone";
			};
			name = Debug;
		};
		7FE01B6423838DB30073302A /* Release */ = {
			isa = XCBuildConfiguration;
			buildSettings = {
				ALWAYS_SEARCH_USER_PATHS = NO;
				CLANG_ANALYZER_NONNULL = YES;
				CLANG_ANALYZER_NUMBER_OBJECT_CONVERSION = YES_AGGRESSIVE;
				CLANG_CXX_LANGUAGE_STANDARD = "gnu++14";
				CLANG_CXX_LIBRARY = "libc++";
				CLANG_ENABLE_MODULES = YES;
				CLANG_ENABLE_OBJC_ARC = YES;
				CLANG_ENABLE_OBJC_WEAK = YES;
				CLANG_WARN_BLOCK_CAPTURE_AUTORELEASING = YES;
				CLANG_WARN_BOOL_CONVERSION = YES;
				CLANG_WARN_COMMA = YES;
				CLANG_WARN_CONSTANT_CONVERSION = YES;
				CLANG_WARN_DEPRECATED_OBJC_IMPLEMENTATIONS = YES;
				CLANG_WARN_DIRECT_OBJC_ISA_USAGE = YES_ERROR;
				CLANG_WARN_DOCUMENTATION_COMMENTS = YES;
				CLANG_WARN_EMPTY_BODY = YES;
				CLANG_WARN_ENUM_CONVERSION = YES;
				CLANG_WARN_INFINITE_RECURSION = YES;
				CLANG_WARN_INT_CONVERSION = YES;
				CLANG_WARN_NON_LITERAL_NULL_CONVERSION = YES;
				CLANG_WARN_OBJC_IMPLICIT_RETAIN_SELF = YES;
				CLANG_WARN_OBJC_LITERAL_CONVERSION = YES;
				CLANG_WARN_OBJC_ROOT_CLASS = YES_ERROR;
				CLANG_WARN_RANGE_LOOP_ANALYSIS = YES;
				CLANG_WARN_STRICT_PROTOTYPES = YES;
				CLANG_WARN_SUSPICIOUS_MOVE = YES;
				CLANG_WARN_UNGUARDED_AVAILABILITY = YES_AGGRESSIVE;
				CLANG_WARN_UNREACHABLE_CODE = YES;
				CLANG_WARN__DUPLICATE_METHOD_MATCH = YES;
				COPY_PHASE_STRIP = NO;
				DEBUG_INFORMATION_FORMAT = "dwarf-with-dsym";
				ENABLE_NS_ASSERTIONS = NO;
				ENABLE_STRICT_OBJC_MSGSEND = YES;
				GCC_C_LANGUAGE_STANDARD = gnu11;
				GCC_NO_COMMON_BLOCKS = YES;
				GCC_WARN_64_TO_32_BIT_CONVERSION = YES;
				GCC_WARN_ABOUT_RETURN_TYPE = YES_ERROR;
				GCC_WARN_UNDECLARED_SELECTOR = YES;
				GCC_WARN_UNINITIALIZED_AUTOS = YES_AGGRESSIVE;
				GCC_WARN_UNUSED_FUNCTION = YES;
				GCC_WARN_UNUSED_VARIABLE = YES;
				IPHONEOS_DEPLOYMENT_TARGET = 13.0;
				MTL_ENABLE_DEBUG_INFO = NO;
				MTL_FAST_MATH = YES;
				SDKROOT = iphoneos;
				SWIFT_COMPILATION_MODE = wholemodule;
				SWIFT_OPTIMIZATION_LEVEL = "-O";
				VALIDATE_PRODUCT = YES;
			};
			name = Release;
		};
		7FE01B6623838DB30073302A /* Debug */ = {
			isa = XCBuildConfiguration;
			baseConfigurationReference = 315ACB07C98F7ADC9ADC879F /* Pods-semi5.debug.xcconfig */;
			buildSettings = {
				ASSETCATALOG_COMPILER_APPICON_NAME = AppIcon;
				CODE_SIGN_STYLE = Automatic;
				DEVELOPMENT_TEAM = K7PMZ9X55K;
				INFOPLIST_FILE = semi5/Info.plist;
				LD_RUNPATH_SEARCH_PATHS = (
					"$(inherited)",
					"@executable_path/Frameworks",
				);
				PRODUCT_BUNDLE_IDENTIFIER = com.assignment3.semi5;
				PRODUCT_NAME = "$(TARGET_NAME)";
				SWIFT_VERSION = 5.0;
				TARGETED_DEVICE_FAMILY = "1,2";
			};
			name = Debug;
		};
		7FE01B6723838DB30073302A /* Release */ = {
			isa = XCBuildConfiguration;
			baseConfigurationReference = 40FE2C769599A4F1D9826F08 /* Pods-semi5.release.xcconfig */;
			buildSettings = {
				ASSETCATALOG_COMPILER_APPICON_NAME = AppIcon;
				CODE_SIGN_STYLE = Automatic;
				DEVELOPMENT_TEAM = K7PMZ9X55K;
				INFOPLIST_FILE = semi5/Info.plist;
				LD_RUNPATH_SEARCH_PATHS = (
					"$(inherited)",
					"@executable_path/Frameworks",
				);
				PRODUCT_BUNDLE_IDENTIFIER = com.assignment3.semi5;
				PRODUCT_NAME = "$(TARGET_NAME)";
				SWIFT_VERSION = 5.0;
				TARGETED_DEVICE_FAMILY = "1,2";
			};
			name = Release;
		};
/* End XCBuildConfiguration section */

/* Begin XCConfigurationList section */
		7FE01B4C23838DB10073302A /* Build configuration list for PBXProject "semi5" */ = {
			isa = XCConfigurationList;
			buildConfigurations = (
				7FE01B6323838DB30073302A /* Debug */,
				7FE01B6423838DB30073302A /* Release */,
			);
			defaultConfigurationIsVisible = 0;
			defaultConfigurationName = Release;
		};
		7FE01B6523838DB30073302A /* Build configuration list for PBXNativeTarget "semi5" */ = {
			isa = XCConfigurationList;
			buildConfigurations = (
				7FE01B6623838DB30073302A /* Debug */,
				7FE01B6723838DB30073302A /* Release */,
			);
			defaultConfigurationIsVisible = 0;
			defaultConfigurationName = Release;
		};
/* End XCConfigurationList section */
	};
	rootObject = 7FE01B4923838DB10073302A /* Project object */;
}
